
Microsoft Visual Studio Solution File, Format Version 12.00
# Visual Studio Version 16
VisualStudioVersion = 16.0.31105.61
MinimumVisualStudioVersion = 10.0.40219.1
Project("{FAE04EC0-301F-11D3-BF4B-00C04F79EFBC}") = "EcommerceAdminBot", "EcommerceAdminBot.csproj", "{7AA076D6-B873-44BC-8DB6-E3A0D5FAFA16}"
EndProject
Global
	GlobalSection(SolutionConfigurationPlatforms) = preSolution
		Debug|Any CPU = Debug|Any CPU
		Release|Any CPU = Release|Any CPU
	EndGlobalSection
	GlobalSection(ProjectConfigurationPlatforms) = postSolution
		{7AA076D6-B873-44BC-8DB6-E3A0D5FAFA16}.Debug|Any CPU.ActiveCfg = Debug|Any CPU
		{7AA076D6-B873-44BC-8DB6-E3A0D5FAFA16}.Debug|Any CPU.Build.0 = Debug|Any CPU
		{7AA076D6-B873-44BC-8DB6-E3A0D5FAFA16}.Release|Any CPU.ActiveCfg = Release|Any CPU
		{7AA076D6-B873-44BC-8DB6-E3A0D5FAFA16}.Release|Any CPU.Build.0 = Release|Any CPU
	EndGlobalSection
	GlobalSection(SolutionProperties) = preSolution
		HideSolutionNode = FALSE
	EndGlobalSection
	GlobalSection(ExtensibilityGlobals) = postSolution
		SolutionGuid = {50CB4F90-50A8-4483-8319-D4556FD18B2D}
	EndGlobalSection
EndGlobal
